# This file is automatically @generated by Cargo.
# It is not intended for manual editing.
version = 4

[[package]]
name = "decimix"
version = "0.1.0"
dependencies = [
 "ethnum",
]

[[package]]
name = "ethnum"
version = "1.5.3"
source = "registry+https://github.com/rust-lang/crates.io-index"
checksum = "40404c3f5f511ec4da6fe866ddf6a717c309fdbb69fbbad7b0f3edab8f2e835f"

[[package]]
name = "float-lint-check"
version = "0.0.0"
dependencies = [
 "decimix",
]
